
Microsoft Visual Studio Solution File, Format Version 12.00
# Visual Studio 15
VisualStudioVersion = 15.0.28010.2016
MinimumVisualStudioVersion = 10.0.40219.1
Project("{FAE04EC0-301F-11D3-BF4B-00C04F79EFBC}") = "InwallCoolersAndVents", "InwallCoolersAndVents\InwallCoolersAndVents.csproj", "{6DECEC4B-69DE-4632-9867-E03D48ACAC03}"
EndProject
Global
	GlobalSection(SolutionConfigurationPlatforms) = preSolution
		Release|Any CPU = Release|Any CPU
	EndGlobalSection
	GlobalSection(ProjectConfigurationPlatforms) = postSolution
		{6DECEC4B-69DE-4632-9867-E03D48ACAC03}.Release|Any CPU.ActiveCfg = Release|Any CPU
		{6DECEC4B-69DE-4632-9867-E03D48ACAC03}.Release|Any CPU.Build.0 = Release|Any CPU
	EndGlobalSection
	GlobalSection(SolutionProperties) = preSolution
		HideSolutionNode = FALSE
	EndGlobalSection
	GlobalSection(ExtensibilityGlobals) = postSolution
		SolutionGuid = {EB8D619C-5106-4AF8-86D3-1BBE297D3150}
	EndGlobalSection
EndGlobal
